{
  "name": "@b6y/commons",
  "version": "1.0.0",
  "lockfileVersion": 1,
  "requires": true,
  "dependencies": {
    "@types/ramda": {
      "version": "0.25.47",
      "resolved": "https://registry.npmjs.org/@types/ramda/-/ramda-0.25.47.tgz",
      "integrity": "sha512-+ffSU83+PR4/cZtNTkUcFkg70sK4GePle7p5h05bQ37ycPumOx/TBpU52bt36GKDlds6tCqXheqPvgC52MMLug=="
    },
    "ramda": {
      "version": "0.26.1",
      "resolved": "https://registry.npmjs.org/ramda/-/ramda-0.26.1.tgz",
      "integrity": "sha512-hLWjpy7EnsDBb0p+Z3B7rPi3GDeRG5ZtiI33kJhTt+ORCd38AbAIjB/9zRIUoeTbE/AVX5ZkU7m6bznsvrf8eQ=="
    },
    "reflect-metadata": {
      "version": "0.1.13",
      "resolved": "https://registry.npmjs.org/reflect-metadata/-/reflect-metadata-0.1.13.tgz",
      "integrity": "sha512-Ts1Y/anZELhSsjMcU605fU9RE4Oi3p5ORujwbIKXfWa+0Zxs510Qrmrce5/Jowq3cHSZSJqBjypxmHarc+vEWg=="
    },
    "typescript": {
      "version": "3.3.0-dev.20190126",
      "resolved": "https://registry.npmjs.org/typescript/-/typescript-3.3.0-dev.20190126.tgz",
      "integrity": "sha512-wx5ZIi0Dn61N/H+TDLQIyG+DPvtk46t/lHeKmu2jwk5sW7GIPjVRPUJ5AR9ohdSkV0pEUshZolWSABz5f1pTAA==",
      "dev": true
    }
  }
}
